// !$*UTF8*$!
{
	archiveVersion = 1;
	classes = {
	};
	objectVersion = 50;
	objects = {

/* Begin PBXBuildFile section */
		058557BB273AAA24004C7B11 /* Assets.xcassets in Resources */ = {isa = PBXBuildFile; fileRef = 058557BA273AAA24004C7B11 /* Assets.xcassets */; };
		058557D9273AAEEB004C7B11 /* Preview Assets.xcassets in Resources */ = {isa = PBXBuildFile; fileRef = 058557D8273AAEEB004C7B11 /* Preview Assets.xcassets */; };
		2152FB042600AC8F00CF470E /* iOSApp.swift in Sources */ = {isa = PBXBuildFile; fileRef = 2152FB032600AC8F00CF470E /* iOSApp.swift */; };
		7555FF83242A565900829871 /* ContentView.swift in Sources */ = {isa = PBXBuildFile; fileRef = 7555FF82242A565900829871 /* ContentView.swift */; };
		8B026A1E2F3BCF250047635C /* CustomNavigationStateView.swift in Sources */ = {isa = PBXBuildFile; fileRef = 8B026A122F3BCF250047635C /* CustomNavigationStateView.swift */; };
		8B026A2F2F3BCF250047635C /* TextFieldWithState.swift in Sources */ = {isa = PBXBuildFile; fileRef = 8B026A182F3BCF250047635C /* TextFieldWithState.swift */; };
		8B026A332F3BCF250047635C /* ProgressView.swift in Sources */ = {isa = PBXBuildFile; fileRef = 8B026A172F3BCF250047635C /* ProgressView.swift */; };
		8B026A352F3BCF250047635C /* FilledButtonWithState.swift in Sources */ = {isa = PBXBuildFile; fileRef = 8B026A132F3BCF250047635C /* FilledButtonWithState.swift */; };
		8B026A372F3BCF250047635C /* ButtonWithState.swift in Sources */ = {isa = PBXBuildFile; fileRef = 8B026A112F3BCF250047635C /* ButtonWithState.swift */; };
		8B026A3A2F3BCF250047635C /* TextWithState.swift in Sources */ = {isa = PBXBuildFile; fileRef = 8B026A192F3BCF250047635C /* TextWithState.swift */; };
		8B026A412F3BCF250047635C /* LoaderView.swift in Sources */ = {isa = PBXBuildFile; fileRef = 8B026A152F3BCF250047635C /* LoaderView.swift */; };
		8B026A422F3BCF250047635C /* ImageButtonWithState.swift in Sources */ = {isa = PBXBuildFile; fileRef = 8B026A142F3BCF250047635C /* ImageButtonWithState.swift */; };
		8B026A452F3BCF250047635C /* ActivityIndicator.swift in Sources */ = {isa = PBXBuildFile; fileRef = 8B026A102F3BCF250047635C /* ActivityIndicator.swift */; };
		8B026A472F3BCF250047635C /* PickerWithState.swift in Sources */ = {isa = PBXBuildFile; fileRef = 8B026A162F3BCF250047635C /* PickerWithState.swift */; };
		8B6BBAA62D6A1EC200408370 /* KoinHelper.swift in Sources */ = {isa = PBXBuildFile; fileRef = 8B6BBAA52D6A1EBC00408370 /* KoinHelper.swift */; };
		8B6BBAAF2D6A1F7E00408370 /* ContainerModel.swift in Sources */ = {isa = PBXBuildFile; fileRef = 8B6BBAAA2D6A1F7E00408370 /* ContainerModel.swift */; };
		8B6BBAB02D6A1F7E00408370 /* IModelView.swift in Sources */ = {isa = PBXBuildFile; fileRef = 8B6BBAAD2D6A1F7E00408370 /* IModelView.swift */; };
		8B6BBAB12D6A1F7E00408370 /* LazyView.swift in Sources */ = {isa = PBXBuildFile; fileRef = 8B6BBAAE2D6A1F7E00408370 /* LazyView.swift */; };
		8B6BBAB22D6A1F7E00408370 /* ContainerView.swift in Sources */ = {isa = PBXBuildFile; fileRef = 8B6BBAAB2D6A1F7E00408370 /* ContainerView.swift */; };
		8B6BBAB32D6A1F7E00408370 /* BaseViewModel.swift in Sources */ = {isa = PBXBuildFile; fileRef = 8B6BBAA82D6A1F7E00408370 /* BaseViewModel.swift */; };
		8B6BBAB42D6A1F7E00408370 /* ContainerEmptyView.swift in Sources */ = {isa = PBXBuildFile; fileRef = 8B6BBAA92D6A1F7E00408370 /* ContainerEmptyView.swift */; };
		8B6BBAB52D6A1F7E00408370 /* IModel.swift in Sources */ = {isa = PBXBuildFile; fileRef = 8B6BBAAC2D6A1F7E00408370 /* IModel.swift */; };
		8B6BBABA2D6A211100408370 /* ContentService.swift in Sources */ = {isa = PBXBuildFile; fileRef = 8B6BBAB92D6A210E00408370 /* ContentService.swift */; };
		8B6BBABF2D6A246000408370 /* ServiceLocator.swift in Sources */ = {isa = PBXBuildFile; fileRef = 8B6BBABD2D6A246000408370 /* ServiceLocator.swift */; };
		8B6BBAC02D6A246000408370 /* Injected.swift in Sources */ = {isa = PBXBuildFile; fileRef = 8B6BBABC2D6A246000408370 /* Injected.swift */; };
		8B6BBAC12D6A246000408370 /* Configurator.swift in Sources */ = {isa = PBXBuildFile; fileRef = 8B6BBABB2D6A246000408370 /* Configurator.swift */; };
		8B6BBAC22D6A246100408370 /* NavigationService.swift in Sources */ = {isa = PBXBuildFile; fileRef = 8B6BBAC32D6A246200408370 /* NavigationService.swift */; };
		8B6BBB052D6DF14C00408370 /* View+Corners.swift in Sources */ = {isa = PBXBuildFile; fileRef = 8B6BBB042D6DF14900408370 /* View+Corners.swift */; };
		8B6BBB072D6DF2A700408370 /* Colors.swift in Sources */ = {isa = PBXBuildFile; fileRef = 8B6BBB062D6DF29800408370 /* Colors.swift */; };
		8B999BBB2F3BD2220047635C /* StringResource+Extensions.swift in Sources */ = {isa = PBXBuildFile; fileRef = 8B999AAA2F3BD2220047635C /* StringResource+Extensions.swift */; };
		8B9E8BDA2D7347C200CCEBE8 /* Blocks.swift in Sources */ = {isa = PBXBuildFile; fileRef = 8B9E8BD92D7347BF00CCEBE8 /* Blocks.swift */; };
		8BC84B682D76FCC000392913 /* View+Hidden.swift in Sources */ = {isa = PBXBuildFile; fileRef = 8BC84B672D76FCB800392913 /* View+Hidden.swift */; };
		8BD78DE62D79EBA70038FBA5 /* NavigationController+Gesture.swift in Sources */ = {isa = PBXBuildFile; fileRef = 8BD78DE52D79EB990038FBA5 /* NavigationController+Gesture.swift */; };
		8BF8F7A12D7465CA0024E341 /* UIUtils.swift in Sources */ = {isa = PBXBuildFile; fileRef = 8BF8F7A02D7465C30024E341 /* UIUtils.swift */; };
/* End PBXBuildFile section */

/* Begin PBXFileReference section */
		058557BA273AAA24004C7B11 /* Assets.xcassets */ = {isa = PBXFileReference; lastKnownFileType = folder.assetcatalog; path = Assets.xcassets; sourceTree = "<group>"; };
		058557D8273AAEEB004C7B11 /* Preview Assets.xcassets */ = {isa = PBXFileReference; lastKnownFileType = folder.assetcatalog; path = "Preview Assets.xcassets"; sourceTree = "<group>"; };
		2152FB032600AC8F00CF470E /* iOSApp.swift */ = {isa = PBXFileReference; lastKnownFileType = sourcecode.swift; path = iOSApp.swift; sourceTree = "<group>"; };
		7555FF7B242A565900829871 /* iosApp.app */ = {isa = PBXFileReference; explicitFileType = wrapper.application; includeInIndex = 0; path = iosApp.app; sourceTree = BUILT_PRODUCTS_DIR; };
		7555FF82242A565900829871 /* ContentView.swift */ = {isa = PBXFileReference; lastKnownFileType = sourcecode.swift; path = ContentView.swift; sourceTree = "<group>"; };
		7555FF8C242A565B00829871 /* Info.plist */ = {isa = PBXFileReference; lastKnownFileType = text.plist.xml; path = Info.plist; sourceTree = "<group>"; };
		8B026A102F3BCF250047635C /* ActivityIndicator.swift */ = {isa = PBXFileReference; lastKnownFileType = sourcecode.swift; path = ActivityIndicator.swift; sourceTree = "<group>"; };
		8B026A112F3BCF250047635C /* ButtonWithState.swift */ = {isa = PBXFileReference; lastKnownFileType = sourcecode.swift; path = ButtonWithState.swift; sourceTree = "<group>"; };
		8B026A122F3BCF250047635C /* CustomNavigationStateView.swift */ = {isa = PBXFileReference; lastKnownFileType = sourcecode.swift; path = CustomNavigationStateView.swift; sourceTree = "<group>"; };
		8B026A132F3BCF250047635C /* FilledButtonWithState.swift */ = {isa = PBXFileReference; lastKnownFileType = sourcecode.swift; path = FilledButtonWithState.swift; sourceTree = "<group>"; };
		8B026A142F3BCF250047635C /* ImageButtonWithState.swift */ = {isa = PBXFileReference; lastKnownFileType = sourcecode.swift; path = ImageButtonWithState.swift; sourceTree = "<group>"; };
		8B026A152F3BCF250047635C /* LoaderView.swift */ = {isa = PBXFileReference; lastKnownFileType = sourcecode.swift; path = LoaderView.swift; sourceTree = "<group>"; };
		8B026A162F3BCF250047635C /* PickerWithState.swift */ = {isa = PBXFileReference; lastKnownFileType = sourcecode.swift; path = PickerWithState.swift; sourceTree = "<group>"; };
		8B026A172F3BCF250047635C /* ProgressView.swift */ = {isa = PBXFileReference; lastKnownFileType = sourcecode.swift; path = ProgressView.swift; sourceTree = "<group>"; };
		8B026A182F3BCF250047635C /* TextFieldWithState.swift */ = {isa = PBXFileReference; lastKnownFileType = sourcecode.swift; path = TextFieldWithState.swift; sourceTree = "<group>"; };
		8B026A192F3BCF250047635C /* TextWithState.swift */ = {isa = PBXFileReference; lastKnownFileType = sourcecode.swift; path = TextWithState.swift; sourceTree = "<group>"; };
		8B026A492F3BD1220047635C /* NavigationRouter.swift */ = {isa = PBXFileReference; lastKnownFileType = sourcecode.swift; path = NavigationRouter.swift; sourceTree = "<group>"; };
		8B6BBAA52D6A1EBC00408370 /* KoinHelper.swift */ = {isa = PBXFileReference; lastKnownFileType = sourcecode.swift; path = KoinHelper.swift; sourceTree = "<group>"; };
		8B6BBAA82D6A1F7E00408370 /* BaseViewModel.swift */ = {isa = PBXFileReference; lastKnownFileType = sourcecode.swift; path = BaseViewModel.swift; sourceTree = "<group>"; };
		8B6BBAA92D6A1F7E00408370 /* ContainerEmptyView.swift */ = {isa = PBXFileReference; lastKnownFileType = sourcecode.swift; path = ContainerEmptyView.swift; sourceTree = "<group>"; };
		8B6BBAAA2D6A1F7E00408370 /* ContainerModel.swift */ = {isa = PBXFileReference; lastKnownFileType = sourcecode.swift; path = ContainerModel.swift; sourceTree = "<group>"; };
		8B6BBAAB2D6A1F7E00408370 /* ContainerView.swift */ = {isa = PBXFileReference; lastKnownFileType = sourcecode.swift; path = ContainerView.swift; sourceTree = "<group>"; };
		8B6BBAAC2D6A1F7E00408370 /* IModel.swift */ = {isa = PBXFileReference; lastKnownFileType = sourcecode.swift; path = IModel.swift; sourceTree = "<group>"; };
		8B6BBAAD2D6A1F7E00408370 /* IModelView.swift */ = {isa = PBXFileReference; lastKnownFileType = sourcecode.swift; path = IModelView.swift; sourceTree = "<group>"; };
		8B6BBAAE2D6A1F7E00408370 /* LazyView.swift */ = {isa = PBXFileReference; lastKnownFileType = sourcecode.swift; path = LazyView.swift; sourceTree = "<group>"; };
		8B6BBAB92D6A210E00408370 /* ContentService.swift */ = {isa = PBXFileReference; lastKnownFileType = sourcecode.swift; path = ContentService.swift; sourceTree = "<group>"; };
		8B6BBABB2D6A246000408370 /* Configurator.swift */ = {isa = PBXFileReference; lastKnownFileType = sourcecode.swift; path = Configurator.swift; sourceTree = "<group>"; };
		8B6BBABC2D6A246000408370 /* Injected.swift */ = {isa = PBXFileReference; lastKnownFileType = sourcecode.swift; path = Injected.swift; sourceTree = "<group>"; };
		8B6BBABD2D6A246000408370 /* ServiceLocator.swift */ = {isa = PBXFileReference; lastKnownFileType = sourcecode.swift; path = ServiceLocator.swift; sourceTree = "<group>"; };
		8B6BBAC32D6A246200408370 /* NavigationService.swift */ = {isa = PBXFileReference; lastKnownFileType = sourcecode.swift; path = NavigationService.swift; sourceTree = "<group>"; };
		8B6BBAC72D6A27A600408370 /* UIKit.framework */ = {isa = PBXFileReference; lastKnownFileType = wrapper.framework; name = UIKit.framework; path = System/Library/Frameworks/UIKit.framework; sourceTree = SDKROOT; };
		8B6BBB042D6DF14900408370 /* View+Corners.swift */ = {isa = PBXFileReference; lastKnownFileType = sourcecode.swift; path = "View+Corners.swift"; sourceTree = "<group>"; };
		8B6BBB062D6DF29800408370 /* Colors.swift */ = {isa = PBXFileReference; lastKnownFileType = sourcecode.swift; path = Colors.swift; sourceTree = "<group>"; };
		8B999AAA2F3BD2220047635C /* StringResource+Extensions.swift */ = {isa = PBXFileReference; lastKnownFileType = sourcecode.swift; path = "StringResource+Extensions.swift"; sourceTree = "<group>"; };
		8B9E8BD92D7347BF00CCEBE8 /* Blocks.swift */ = {isa = PBXFileReference; lastKnownFileType = sourcecode.swift; path = Blocks.swift; sourceTree = "<group>"; };
		8BC84B672D76FCB800392913 /* View+Hidden.swift */ = {isa = PBXFileReference; lastKnownFileType = sourcecode.swift; path = "View+Hidden.swift"; sourceTree = "<group>"; };
		8BD78DE52D79EB990038FBA5 /* NavigationController+Gesture.swift */ = {isa = PBXFileReference; lastKnownFileType = sourcecode.swift; path = "NavigationController+Gesture.swift"; sourceTree = "<group>"; };
		8BF8F7A02D7465C30024E341 /* UIUtils.swift */ = {isa = PBXFileReference; lastKnownFileType = sourcecode.swift; path = UIUtils.swift; sourceTree = "<group>"; };
/* End PBXFileReference section */

/* Begin PBXFrameworksBuildPhase section */
		7555FF78242A565900829871 /* Frameworks */ = {
			isa = PBXFrameworksBuildPhase;
			buildActionMask = 2147483647;
			files = (
			);
			runOnlyForDeploymentPostprocessing = 0;
		};
/* End PBXFrameworksBuildPhase section */

/* Begin PBXGroup section */
		058557D7273AAEEB004C7B11 /* Preview Content */ = {
			isa = PBXGroup;
			children = (
				058557D8273AAEEB004C7B11 /* Preview Assets.xcassets */,
			);
			path = "Preview Content";
			sourceTree = "<group>";
		};
		7555FF72242A565900829871 = {
			isa = PBXGroup;
			children = (
				7555FF7D242A565900829871 /* iosApp */,
				7555FF7C242A565900829871 /* Products */,
				7555FFB0242A642200829871 /* Frameworks */,
			);
			sourceTree = "<group>";
		};
		7555FF7C242A565900829871 /* Products */ = {
			isa = PBXGroup;
			children = (
				7555FF7B242A565900829871 /* iosApp.app */,
			);
			name = Products;
			sourceTree = "<group>";
		};
		7555FF7D242A565900829871 /* iosApp */ = {
			isa = PBXGroup;
			children = (
				8B026A4A2F3BD1220047635C /* Navigation */,
				8B026A0F2F3BCF250047635C /* Screens */,
				8B026A1A2F3BCF250047635C /* UI */,
				8B77E9142D741BDF007CB6C9 /* Kotlin */,
				8B6BBB022D6DF12900408370 /* Common */,
				8B6BBAA72D6A1F6200408370 /* Base */,
				8B6BBAA42D6A1EB400408370 /* Utils */,
				058557BA273AAA24004C7B11 /* Assets.xcassets */,
				7555FF82242A565900829871 /* ContentView.swift */,
				7555FF8C242A565B00829871 /* Info.plist */,
				2152FB032600AC8F00CF470E /* iOSApp.swift */,
				058557D7273AAEEB004C7B11 /* Preview Content */,
			);
			path = iosApp;
			sourceTree = "<group>";
		};
		7555FFB0242A642200829871 /* Frameworks */ = {
			isa = PBXGroup;
			children = (
				8B6BBAC72D6A27A600408370 /* UIKit.framework */,
			);
			name = Frameworks;
			sourceTree = "<group>";
		};
		8B026A0F2F3BCF250047635C /* Screens */ = {
			isa = PBXGroup;
			children = (
			);
			path = Screens;
			sourceTree = "<group>";
		};
		8B026A1A2F3BCF250047635C /* UI */ = {
			isa = PBXGroup;
			children = (
				8B026A102F3BCF250047635C /* ActivityIndicator.swift */,
				8B026A112F3BCF250047635C /* ButtonWithState.swift */,
				8B026A122F3BCF250047635C /* CustomNavigationStateView.swift */,
				8B026A132F3BCF250047635C /* FilledButtonWithState.swift */,
				8B026A142F3BCF250047635C /* ImageButtonWithState.swift */,
				8B026A152F3BCF250047635C /* LoaderView.swift */,
				8B026A162F3BCF250047635C /* PickerWithState.swift */,
				8B026A172F3BCF250047635C /* ProgressView.swift */,
				8B026A182F3BCF250047635C /* TextFieldWithState.swift */,
				8B026A192F3BCF250047635C /* TextWithState.swift */,
			);
			path = UI;
			sourceTree = "<group>";
		};
		8B026A4A2F3BD1220047635C /* Navigation */ = {
			isa = PBXGroup;
			children = (
				8B026A492F3BD1220047635C /* NavigationRouter.swift */,
			);
			path = Navigation;
			sourceTree = "<group>";
		};
		8B6BBAA42D6A1EB400408370 /* Utils */ = {
			isa = PBXGroup;
			children = (
				8B6BBAA52D6A1EBC00408370 /* KoinHelper.swift */,
			);
			path = Utils;
			sourceTree = "<group>";
		};
		8B6BBAA72D6A1F6200408370 /* Base */ = {
			isa = PBXGroup;
			children = (
				8B6BBAA82D6A1F7E00408370 /* BaseViewModel.swift */,
				8B6BBAA92D6A1F7E00408370 /* ContainerEmptyView.swift */,
				8B6BBAAA2D6A1F7E00408370 /* ContainerModel.swift */,
				8B6BBAAB2D6A1F7E00408370 /* ContainerView.swift */,
				8B6BBAAC2D6A1F7E00408370 /* IModel.swift */,
				8B6BBAAD2D6A1F7E00408370 /* IModelView.swift */,
				8B6BBAAE2D6A1F7E00408370 /* LazyView.swift */,
			);
			path = Base;
			sourceTree = "<group>";
		};
		8B6BBAB82D6A210100408370 /* Services */ = {
			isa = PBXGroup;
			children = (
				8B6BBAB92D6A210E00408370 /* ContentService.swift */,
				8B6BBAC32D6A246200408370 /* NavigationService.swift */,
			);
			path = Services;
			sourceTree = "<group>";
		};
		8B6BBABE2D6A246000408370 /* DI */ = {
			isa = PBXGroup;
			children = (
				8B6BBABB2D6A246000408370 /* Configurator.swift */,
				8B6BBABC2D6A246000408370 /* Injected.swift */,
				8B6BBABD2D6A246000408370 /* ServiceLocator.swift */,
			);
			path = DI;
			sourceTree = "<group>";
		};
		8B6BBB022D6DF12900408370 /* Common */ = {
			isa = PBXGroup;
			children = (
				8BF8F79F2D7465B80024E341 /* UIUtils */,
				8B9E8BD92D7347BF00CCEBE8 /* Blocks.swift */,
				8B6BBB032D6DF14000408370 /* Extensions */,
				8B6BBABE2D6A246000408370 /* DI */,
				8B6BBAB82D6A210100408370 /* Services */,
			);
			path = Common;
			sourceTree = "<group>";
		};
		8B6BBB032D6DF14000408370 /* Extensions */ = {
			isa = PBXGroup;
			children = (
				8BD78DE52D79EB990038FBA5 /* NavigationController+Gesture.swift */,
				8BC84B672D76FCB800392913 /* View+Hidden.swift */,
				8B6BBB062D6DF29800408370 /* Colors.swift */,
				8B6BBB042D6DF14900408370 /* View+Corners.swift */,
				8B999AAA2F3BD2220047635C /* StringResource+Extensions.swift */,
			);
			path = Extensions;
			sourceTree = "<group>";
		};
		8B77E9142D741BDF007CB6C9 /* Kotlin */ = {
			isa = PBXGroup;
			children = (
			);
			path = Kotlin;
			sourceTree = "<group>";
		};
		8BF8F79F2D7465B80024E341 /* UIUtils */ = {
			isa = PBXGroup;
			children = (
				8BF8F7A02D7465C30024E341 /* UIUtils.swift */,
			);
			path = UIUtils;
			sourceTree = "<group>";
		};
/* End PBXGroup section */

/* Begin PBXNativeTarget section */
		7555FF7A242A565900829871 /* iosApp */ = {
			isa = PBXNativeTarget;
			buildConfigurationList = 7555FFA5242A565B00829871 /* Build configuration list for PBXNativeTarget "iosApp" */;
			buildPhases = (
				7555FFB5242A651A00829871 /* ShellScript */,
				7555FF77242A565900829871 /* Sources */,
				7555FF78242A565900829871 /* Frameworks */,
				7555FF79242A565900829871 /* Resources */,
			);
			buildRules = (
			);
			dependencies = (
			);
			name = iosApp;
			productName = iosApp;
			productReference = 7555FF7B242A565900829871 /* iosApp.app */;
			productType = "com.apple.product-type.application";
		};
/* End PBXNativeTarget section */

/* Begin PBXProject section */
		7555FF73242A565900829871 /* Project object */ = {
			isa = PBXProject;
			attributes = {
				LastSwiftUpdateCheck = 1130;
				LastUpgradeCheck = 1130;
				ORGANIZATIONNAME = orgName;
				TargetAttributes = {
					7555FF7A242A565900829871 = {
						CreatedOnToolsVersion = 11.3.1;
					};
				};
			};
			buildConfigurationList = 7555FF76242A565900829871 /* Build configuration list for PBXProject "iosApp" */;
			compatibilityVersion = "Xcode 9.3";
			developmentRegion = en;
			hasScannedForEncodings = 0;
			knownRegions = (
				en,
				Base,
			);
			mainGroup = 7555FF72242A565900829871;
			packageReferences = (
			);
			productRefGroup = 7555FF7C242A565900829871 /* Products */;
			projectDirPath = "";
			projectRoot = "";
			targets = (
				7555FF7A242A565900829871 /* iosApp */,
			);
		};
/* End PBXProject section */

/* Begin PBXResourcesBuildPhase section */
		7555FF79242A565900829871 /* Resources */ = {
			isa = PBXResourcesBuildPhase;
			buildActionMask = 2147483647;
			files = (
				058557D9273AAEEB004C7B11 /* Preview Assets.xcassets in Resources */,
				058557BB273AAA24004C7B11 /* Assets.xcassets in Resources */,
			);
			runOnlyForDeploymentPostprocessing = 0;
		};
/* End PBXResourcesBuildPhase section */

/* Begin PBXShellScriptBuildPhase section */
		7555FFB5242A651A00829871 /* ShellScript */ = {
			isa = PBXShellScriptBuildPhase;
			buildActionMask = 2147483647;
			files = (
			);
			inputFileListPaths = (
			);
			inputPaths = (
			);
			outputFileListPaths = (
			);
			outputPaths = (
			);
			runOnlyForDeploymentPostprocessing = 0;
			shellPath = /bin/sh;
			shellScript = "cd \"$SRCROOT/..\"\n./gradlew :composeApp:embedAndSignAppleFrameworkForXcode\n";
		};
/* End PBXShellScriptBuildPhase section */

/* Begin PBXSourcesBuildPhase section */
		7555FF77242A565900829871 /* Sources */ = {
			isa = PBXSourcesBuildPhase;
			buildActionMask = 2147483647;
			files = (
				2152FB042600AC8F00CF470E /* iOSApp.swift in Sources */,
				7555FF83242A565900829871 /* ContentView.swift in Sources */,
			);
			runOnlyForDeploymentPostprocessing = 0;
		};
/* End PBXSourcesBuildPhase section */

/* Begin XCBuildConfiguration section */
		7555FFA3242A565B00829871 /* Debug */ = {
			isa = XCBuildConfiguration;
			buildSettings = {
				ALWAYS_SEARCH_USER_PATHS = NO;
				CLANG_ANALYZER_NONNULL = YES;
				CLANG_ANALYZER_NUMBER_OBJECT_CONVERSION = YES_AGGRESSIVE;
				CLANG_CXX_LANGUAGE_STANDARD = "gnu++14";
				CLANG_CXX_LIBRARY = "libc++";
				CLANG_ENABLE_MODULES = YES;
				CLANG_ENABLE_OBJC_ARC = YES;
				CLANG_ENABLE_OBJC_WEAK = YES;
				CLANG_WARN_BLOCK_CAPTURE_AUTORELEASING = YES;
				CLANG_WARN_BOOL_CONVERSION = YES;
				CLANG_WARN_COMMA = YES;
				CLANG_WARN_CONSTANT_CONVERSION = YES;
				CLANG_WARN_DEPRECATED_OBJC_IMPLEMENTATIONS = YES;
				CLANG_WARN_DIRECT_OBJC_ISA_USAGE = YES_ERROR;
				CLANG_WARN_DOCUMENTATION_COMMENTS = YES;
				CLANG_WARN_EMPTY_BODY = YES;
				CLANG_WARN_ENUM_CONVERSION = YES;
				CLANG_WARN_INFINITE_RECURSION = YES;
				CLANG_WARN_INT_CONVERSION = YES;
				CLANG_WARN_NON_LITERAL_NULL_CONVERSION = YES;
				CLANG_WARN_OBJC_IMPLICIT_RETAIN_SELF = YES;
				CLANG_WARN_OBJC_LITERAL_CONVERSION = YES;
				CLANG_WARN_OBJC_ROOT_CLASS = YES_ERROR;
				CLANG_WARN_QUOTED_INCLUDE_IN_FRAMEWORK_HEADER = YES;
				CLANG_WARN_RANGE_LOOP_ANALYSIS = YES;
				CLANG_WARN_STRICT_PROTOTYPES = YES;
				CLANG_WARN_SUSPICIOUS_MOVE = YES;
				CLANG_WARN_UNGUARDED_AVAILABILITY = YES_AGGRESSIVE;
				CLANG_WARN_UNREACHABLE_CODE = YES;
				CLANG_WARN__DUPLICATE_METHOD_MATCH = YES;
				COPY_PHASE_STRIP = NO;
				DEBUG_INFORMATION_FORMAT = "dwarf-with-dsym";
				ENABLE_STRICT_OBJC_MSGSEND = YES;
				ENABLE_TESTABILITY = YES;
				GCC_C_LANGUAGE_STANDARD = gnu11;
				GCC_DYNAMIC_NO_PIC = NO;
				GCC_NO_COMMON_BLOCKS = YES;
				GCC_OPTIMIZATION_LEVEL = 0;
				GCC_PREPROCESSOR_DEFINITIONS = (
					"DEBUG=1",
					"$(inherited)",
				);
				GCC_WARN_64_TO_32_BIT_CONVERSION = YES;
				GCC_WARN_ABOUT_RETURN_TYPE = YES_ERROR;
				GCC_WARN_UNDECLARED_SELECTOR = YES;
				GCC_WARN_UNINITIALIZED_AUTOS = YES_AGGRESSIVE;
				GCC_WARN_UNUSED_FUNCTION = YES;
				GCC_WARN_UNUSED_VARIABLE = YES;
				IPHONEOS_DEPLOYMENT_TARGET = 16.0;
				MTL_ENABLE_DEBUG_INFO = INCLUDE_SOURCE;
				MTL_FAST_MATH = YES;
				ONLY_ACTIVE_ARCH = YES;
				SDKROOT = iphoneos;
				SWIFT_ACTIVE_COMPILATION_CONDITIONS = DEBUG;
				SWIFT_OPTIMIZATION_LEVEL = "-Onone";
			};
			name = Debug;
		};
		7555FFA4242A565B00829871 /* Release */ = {
			isa = XCBuildConfiguration;
			buildSettings = {
				ALWAYS_SEARCH_USER_PATHS = NO;
				CLANG_ANALYZER_NONNULL = YES;
				CLANG_ANALYZER_NUMBER_OBJECT_CONVERSION = YES_AGGRESSIVE;
				CLANG_CXX_LANGUAGE_STANDARD = "gnu++14";
				CLANG_CXX_LIBRARY = "libc++";
				CLANG_ENABLE_MODULES = YES;
				CLANG_ENABLE_OBJC_ARC = YES;
				CLANG_ENABLE_OBJC_WEAK = YES;
				CLANG_WARN_BLOCK_CAPTURE_AUTORELEASING = YES;
				CLANG_WARN_BOOL_CONVERSION = YES;
				CLANG_WARN_COMMA = YES;
				CLANG_WARN_CONSTANT_CONVERSION = YES;
				CLANG_WARN_DEPRECATED_OBJC_IMPLEMENTATIONS = YES;
				CLANG_WARN_DIRECT_OBJC_ISA_USAGE = YES_ERROR;
				CLANG_WARN_DOCUMENTATION_COMMENTS = YES;
				CLANG_WARN_EMPTY_BODY = YES;
				CLANG_WARN_ENUM_CONVERSION = YES;
				CLANG_WARN_INFINITE_RECURSION = YES;
				CLANG_WARN_INT_CONVERSION = YES;
				CLANG_WARN_NON_LITERAL_NULL_CONVERSION = YES;
				CLANG_WARN_OBJC_IMPLICIT_RETAIN_SELF = YES;
				CLANG_WARN_OBJC_LITERAL_CONVERSION = YES;
				CLANG_WARN_OBJC_ROOT_CLASS = YES_ERROR;
				CLANG_WARN_QUOTED_INCLUDE_IN_FRAMEWORK_HEADER = YES;
				CLANG_WARN_RANGE_LOOP_ANALYSIS = YES;
				CLANG_WARN_STRICT_PROTOTYPES = YES;
				CLANG_WARN_SUSPICIOUS_MOVE = YES;
				CLANG_WARN_UNGUARDED_AVAILABILITY = YES_AGGRESSIVE;
				CLANG_WARN_UNREACHABLE_CODE = YES;
				CLANG_WARN__DUPLICATE_METHOD_MATCH = YES;
				COPY_PHASE_STRIP = NO;
				DEBUG_INFORMATION_FORMAT = "dwarf-with-dsym";
				ENABLE_NS_ASSERTIONS = NO;
				ENABLE_STRICT_OBJC_MSGSEND = YES;
				GCC_C_LANGUAGE_STANDARD = gnu11;
				GCC_NO_COMMON_BLOCKS = YES;
				GCC_WARN_64_TO_32_BIT_CONVERSION = YES;
				GCC_WARN_ABOUT_RETURN_TYPE = YES_ERROR;
				GCC_WARN_UNDECLARED_SELECTOR = YES;
				GCC_WARN_UNINITIALIZED_AUTOS = YES_AGGRESSIVE;
				GCC_WARN_UNUSED_FUNCTION = YES;
				GCC_WARN_UNUSED_VARIABLE = YES;
				IPHONEOS_DEPLOYMENT_TARGET = 16.0;
				MTL_ENABLE_DEBUG_INFO = NO;
				MTL_FAST_MATH = YES;
				SDKROOT = iphoneos;
				SWIFT_COMPILATION_MODE = wholemodule;
				SWIFT_OPTIMIZATION_LEVEL = "-O";
				VALIDATE_PRODUCT = YES;
			};
			name = Release;
		};
		7555FFA6242A565B00829871 /* Debug */ = {
			isa = XCBuildConfiguration;
			buildSettings = {
				ASSETCATALOG_COMPILER_APPICON_NAME = AppIcon;
				CODE_SIGN_STYLE = Automatic;
				DEVELOPMENT_ASSET_PATHS = "\"iosApp/Preview Content\"";
				ENABLE_PREVIEWS = YES;
				FRAMEWORK_SEARCH_PATHS = (
					"$(inherited)",
				"$(SRCROOT)/../composeApp/build/xcode-frameworks/$(CONFIGURATION)/$(SDK_NAME)",
				);
				INFOPLIST_FILE = iosApp/Info.plist;
				IPHONEOS_DEPLOYMENT_TARGET = 16.0;
				LD_RUNPATH_SEARCH_PATHS = (
					"$(inherited)",
					"@executable_path/Frameworks",
				);
				OTHER_LDFLAGS = (
				"$(inherited)",
				"-framework",
				ComposeApp,
				"-lsqlite3",
			);
				PRODUCT_BUNDLE_IDENTIFIER = orgIdentifier.iosApp;
				PRODUCT_NAME = "$(TARGET_NAME)";
				SWIFT_VERSION = 5.0;
				TARGETED_DEVICE_FAMILY = "1,2";
			};
			name = Debug;
		};
		7555FFA7242A565B00829871 /* Release */ = {
			isa = XCBuildConfiguration;
			buildSettings = {
				ASSETCATALOG_COMPILER_APPICON_NAME = AppIcon;
				CODE_SIGN_STYLE = Automatic;
				DEVELOPMENT_ASSET_PATHS = "\"iosApp/Preview Content\"";
				ENABLE_PREVIEWS = YES;
				FRAMEWORK_SEARCH_PATHS = (
					"$(inherited)",
				"$(SRCROOT)/../composeApp/build/xcode-frameworks/$(CONFIGURATION)/$(SDK_NAME)",
				);
				INFOPLIST_FILE = iosApp/Info.plist;
				IPHONEOS_DEPLOYMENT_TARGET = 16.0;
				LD_RUNPATH_SEARCH_PATHS = (
					"$(inherited)",
					"@executable_path/Frameworks",
				);
				OTHER_LDFLAGS = (
				"$(inherited)",
				"-framework",
				ComposeApp,
				"-lsqlite3",
			);
				PRODUCT_BUNDLE_IDENTIFIER = orgIdentifier.iosApp;
				PRODUCT_NAME = "$(TARGET_NAME)";
				SWIFT_VERSION = 5.0;
				TARGETED_DEVICE_FAMILY = "1,2";
			};
			name = Release;
		};
/* End XCBuildConfiguration section */

/* Begin XCConfigurationList section */
		7555FF76242A565900829871 /* Build configuration list for PBXProject "iosApp" */ = {
			isa = XCConfigurationList;
			buildConfigurations = (
				7555FFA3242A565B00829871 /* Debug */,
				7555FFA4242A565B00829871 /* Release */,
			);
			defaultConfigurationIsVisible = 0;
			defaultConfigurationName = Release;
		};
		7555FFA5242A565B00829871 /* Build configuration list for PBXNativeTarget "iosApp" */ = {
			isa = XCConfigurationList;
			buildConfigurations = (
				7555FFA6242A565B00829871 /* Debug */,
				7555FFA7242A565B00829871 /* Release */,
			);
			defaultConfigurationIsVisible = 0;
			defaultConfigurationName = Release;
		};
/* End XCConfigurationList section */
	};
	rootObject = 7555FF73242A565900829871 /* Project object */;
}
